# This file was autogenerated by Stack.
# You should not edit this file by hand.
# For more information, please see the documentation at:
#   https://docs.haskellstack.org/en/stable/lock_files

packages:
- completed:
    hackage: ecdsa-0.2@sha256:64838e16f257bf65f8b82a49979644f52e599423f5d16059346969c1aba3b3be,1053
    pantry-tree:
      size: 294
      sha256: 657b4c7e27e6aa6026d91e35fdbbdca510ccb3ec1c85c1c95d95283ae5354b99
  original:
    hackage: ecdsa-0.2@sha256:64838e16f257bf65f8b82a49979644f52e599423f5d16059346969c1aba3b3be,1053
- completed:
    hackage: hecc-0.4.1.1@sha256:7d9b43abf61720e3b594bcff1941ab4b67a6e1f2499c4e42661978c665422321,907
    pantry-tree:
      size: 463
      sha256: fdb050ddfae7b10bf4436f7177090f78fb7073e2ae089a92339adda230c81053
  original:
    hackage: hecc-0.4.1.1@sha256:7d9b43abf61720e3b594bcff1941ab4b67a6e1f2499c4e42661978c665422321,907
- completed:
    hackage: hF2-0.2@sha256:0c727d9753343d23d04bd6d3702f8ce2a6c77800fd246e80d3c358945d85c5ee,813
    pantry-tree:
      size: 246
      sha256: f3de8b288100f46b74777a30d7881196eac0c6038c4febb03eafca2ee3971f16
  original:
    hackage: hF2-0.2@sha256:0c727d9753343d23d04bd6d3702f8ce2a6c77800fd246e80d3c358945d85c5ee,813
snapshots:
- completed:
    size: 532172
    url: https://raw.githubusercontent.com/commercialhaskell/stackage-snapshots/master/lts/16/18.yaml
    sha256: 4f2a092c6f4869854e8d7435ab98ce5157c641022c3cbfc4c4614ff3db752e62
  original: lts-16.18
